
Microsoft Visual Studio Solution File, Format Version 12.00
# Visual Studio Version 17
VisualStudioVersion = 17.6.33723.286
MinimumVisualStudioVersion = 10.0.40219.1
Project("{FAE04EC0-301F-11D3-BF4B-00C04F79EFBC}") = "EcommerceAppTestingFramework", "EcommerceAppTestingFramework\EcommerceAppTestingFramework.csproj", "{DAF60287-CA70-498F-8340-5DFE89B8C63F}"
EndProject
Project("{FAE04EC0-301F-11D3-BF4B-00C04F79EFBC}") = "EcommerceAppTests", "EcommerceAppTests\EcommerceAppTests.csproj", "{7CE91026-96F2-4FFF-9B0F-032B20D3A878}"
EndProject
Global
	GlobalSection(SolutionConfigurationPlatforms) = preSolution
		Debug|Any CPU = Debug|Any CPU
		Release|Any CPU = Release|Any CPU
	EndGlobalSection
	GlobalSection(ProjectConfigurationPlatforms) = postSolution
		{DAF60287-CA70-498F-8340-5DFE89B8C63F}.Debug|Any CPU.ActiveCfg = Debug|Any CPU
		{DAF60287-CA70-498F-8340-5DFE89B8C63F}.Debug|Any CPU.Build.0 = Debug|Any CPU
		{DAF60287-CA70-498F-8340-5DFE89B8C63F}.Release|Any CPU.ActiveCfg = Release|Any CPU
		{DAF60287-CA70-498F-8340-5DFE89B8C63F}.Release|Any CPU.Build.0 = Release|Any CPU
		{7CE91026-96F2-4FFF-9B0F-032B20D3A878}.Debug|Any CPU.ActiveCfg = Debug|Any CPU
		{7CE91026-96F2-4FFF-9B0F-032B20D3A878}.Debug|Any CPU.Build.0 = Debug|Any CPU
		{7CE91026-96F2-4FFF-9B0F-032B20D3A878}.Release|Any CPU.ActiveCfg = Release|Any CPU
		{7CE91026-96F2-4FFF-9B0F-032B20D3A878}.Release|Any CPU.Build.0 = Release|Any CPU
	EndGlobalSection
	GlobalSection(SolutionProperties) = preSolution
		HideSolutionNode = FALSE
	EndGlobalSection
	GlobalSection(ExtensibilityGlobals) = postSolution
		SolutionGuid = {FD1CB2F4-8761-4560-8750-8A865F7BB16B}
	EndGlobalSection
EndGlobal
